// !$*UTF8*$!
{
	archiveVersion = 1;
	classes = {
	};
	objectVersion = 46;
	objects = {

/* Begin PBXBuildFile section */
		AA090E1B1ED73B100053C92D /* SelectCell.xib in Resources */ = {isa = PBXBuildFile; fileRef = AA090E1A1ED73B100053C92D /* SelectCell.xib */; };
		AA090E1E1ED746CB0053C92D /* TitleCell.swift in Sources */ = {isa = PBXBuildFile; fileRef = AA090E1C1ED746CB0053C92D /* TitleCell.swift */; };
		AA090E1F1ED746CB0053C92D /* TitleCell.xib in Resources */ = {isa = PBXBuildFile; fileRef = AA090E1D1ED746CB0053C92D /* TitleCell.xib */; };
		AA1437031EC7024000530CF4 /* AmountCell.swift in Sources */ = {isa = PBXBuildFile; fileRef = AA1437011EC7023F00530CF4 /* AmountCell.swift */; };
		AA1437041EC7024000530CF4 /* AmountCell.xib in Resources */ = {isa = PBXBuildFile; fileRef = AA1437021EC7024000530CF4 /* AmountCell.xib */; };
		AA1AE4561E86B9E100674F8C /* AppDelegate.swift in Sources */ = {isa = PBXBuildFile; fileRef = AA1AE4551E86B9E100674F8C /* AppDelegate.swift */; };
		AA1AE4581E86B9E100674F8C /* DashboardViewController.swift in Sources */ = {isa = PBXBuildFile; fileRef = AA1AE4571E86B9E100674F8C /* DashboardViewController.swift */; };
		AA1AE45B1E86B9E100674F8C /* Main.storyboard in Resources */ = {isa = PBXBuildFile; fileRef = AA1AE4591E86B9E100674F8C /* Main.storyboard */; };
		AA1AE45E1E86B9E100674F8C /* winner.xcdatamodeld in Sources */ = {isa = PBXBuildFile; fileRef = AA1AE45C1E86B9E100674F8C /* winner.xcdatamodeld */; };
		AA1AE4601E86B9E100674F8C /* Assets.xcassets in Resources */ = {isa = PBXBuildFile; fileRef = AA1AE45F1E86B9E100674F8C /* Assets.xcassets */; };
		AA1AE4631E86B9E100674F8C /* LaunchScreen.storyboard in Resources */ = {isa = PBXBuildFile; fileRef = AA1AE4611E86B9E100674F8C /* LaunchScreen.storyboard */; };
		AA1AE46E1E86B9E100674F8C /* winnerTests.swift in Sources */ = {isa = PBXBuildFile; fileRef = AA1AE46D1E86B9E100674F8C /* winnerTests.swift */; };
		AA1AE4791E86B9E100674F8C /* winnerUITests.swift in Sources */ = {isa = PBXBuildFile; fileRef = AA1AE4781E86B9E100674F8C /* winnerUITests.swift */; };
		AA1AE48F1E86BB1500674F8C /* GoalViewController.swift in Sources */ = {isa = PBXBuildFile; fileRef = AA1AE48E1E86BB1500674F8C /* GoalViewController.swift */; };
		AA1AE4921E86BB2700674F8C /* ActivityViewController.swift in Sources */ = {isa = PBXBuildFile; fileRef = AA1AE4911E86BB2700674F8C /* ActivityViewController.swift */; };
		AA1AE4941E86BB3A00674F8C /* SettingsViewController.swift in Sources */ = {isa = PBXBuildFile; fileRef = AA1AE4931E86BB3A00674F8C /* SettingsViewController.swift */; };
		AA1AE4961E86BB4800674F8C /* FAQViewController.swift in Sources */ = {isa = PBXBuildFile; fileRef = AA1AE4951E86BB4800674F8C /* FAQViewController.swift */; };
		AA1AE4981E86BB6F00674F8C /* AddGoalViewController.swift in Sources */ = {isa = PBXBuildFile; fileRef = AA1AE4971E86BB6F00674F8C /* AddGoalViewController.swift */; };
		AA1AE49A1E86BB7A00674F8C /* AddActivityViewController.swift in Sources */ = {isa = PBXBuildFile; fileRef = AA1AE4991E86BB7A00674F8C /* AddActivityViewController.swift */; };
		AA1AE49D1E86BC7300674F8C /* SelectCell.swift in Sources */ = {isa = PBXBuildFile; fileRef = AA1AE49B1E86BC7300674F8C /* SelectCell.swift */; };
		AA1AE4A11E86BC8200674F8C /* SettingsCell.swift in Sources */ = {isa = PBXBuildFile; fileRef = AA1AE49F1E86BC8200674F8C /* SettingsCell.swift */; };
		AA1AE4A21E86BC8200674F8C /* SettingsCell.xib in Resources */ = {isa = PBXBuildFile; fileRef = AA1AE4A01E86BC8200674F8C /* SettingsCell.xib */; };
		AA1AE4A41E86BCA500674F8C /* WinnerButton.swift in Sources */ = {isa = PBXBuildFile; fileRef = AA1AE4A31E86BCA500674F8C /* WinnerButton.swift */; };
		AA1AE4A61E86BD1F00674F8C /* WinnerColor.swift in Sources */ = {isa = PBXBuildFile; fileRef = AA1AE4A51E86BD1F00674F8C /* WinnerColor.swift */; };
		AA1AE4A81E86C7CB00674F8C /* Activity.storyboard in Resources */ = {isa = PBXBuildFile; fileRef = AA1AE4A71E86C7CB00674F8C /* Activity.storyboard */; };
		AA1AE4AA1E86C7DE00674F8C /* Goal.storyboard in Resources */ = {isa = PBXBuildFile; fileRef = AA1AE4A91E86C7DE00674F8C /* Goal.storyboard */; };
		AA1AE4AD1E86C82100674F8C /* Settings.storyboard in Resources */ = {isa = PBXBuildFile; fileRef = AA1AE4AC1E86C82100674F8C /* Settings.storyboard */; };
		AA1AE4B31E88096500674F8C /* BebasNeueBold.otf in Resources */ = {isa = PBXBuildFile; fileRef = AA1AE4AE1E88096500674F8C /* BebasNeueBold.otf */; };
		AA1AE4B41E88096500674F8C /* BebasNeueBook.otf in Resources */ = {isa = PBXBuildFile; fileRef = AA1AE4AF1E88096500674F8C /* BebasNeueBook.otf */; };
		AA1AE4B51E88096500674F8C /* BebasNeueLight.otf in Resources */ = {isa = PBXBuildFile; fileRef = AA1AE4B01E88096500674F8C /* BebasNeueLight.otf */; };
		AA1AE4B61E88096500674F8C /* BebasNeueRegular.otf in Resources */ = {isa = PBXBuildFile; fileRef = AA1AE4B11E88096500674F8C /* BebasNeueRegular.otf */; };
		AA1AE4B71E88096500674F8C /* BebasNeueThin.otf in Resources */ = {isa = PBXBuildFile; fileRef = AA1AE4B21E88096500674F8C /* BebasNeueThin.otf */; };
		AA1AE4B91E88164500674F8C /* GoalModel.swift in Sources */ = {isa = PBXBuildFile; fileRef = AA1AE4B81E88164500674F8C /* GoalModel.swift */; };
		AA1AE4BB1E88165100674F8C /* ActivityModel.swift in Sources */ = {isa = PBXBuildFile; fileRef = AA1AE4BA1E88165100674F8C /* ActivityModel.swift */; };
		AA1AE4BD1E882F3300674F8C /* GoalDetailViewController.swift in Sources */ = {isa = PBXBuildFile; fileRef = AA1AE4BC1E882F3300674F8C /* GoalDetailViewController.swift */; };
		AA29BB2A1EC24E8F00F41C09 /* UIStoryboard.swift in Sources */ = {isa = PBXBuildFile; fileRef = AA29BB291EC24E8F00F41C09 /* UIStoryboard.swift */; };
		AA29BB2F1EC25FA800F41C09 /* Localizable.strings in Resources */ = {isa = PBXBuildFile; fileRef = AA29BB311EC25FA800F41C09 /* Localizable.strings */; };
		AAACF2FB1EA5295F00829203 /* Goal+CoreDataClass.swift in Sources */ = {isa = PBXBuildFile; fileRef = AAACF2F71EA5295F00829203 /* Goal+CoreDataClass.swift */; };
		AAACF2FC1EA5295F00829203 /* Goal+CoreDataProperties.swift in Sources */ = {isa = PBXBuildFile; fileRef = AAACF2F81EA5295F00829203 /* Goal+CoreDataProperties.swift */; };
		AAACF2FD1EA5295F00829203 /* Activity+CoreDataClass.swift in Sources */ = {isa = PBXBuildFile; fileRef = AAACF2F91EA5295F00829203 /* Activity+CoreDataClass.swift */; };
		AAACF2FE1EA5295F00829203 /* Activity+CoreDataProperties.swift in Sources */ = {isa = PBXBuildFile; fileRef = AAACF2FA1EA5295F00829203 /* Activity+CoreDataProperties.swift */; };
		AAACF3021EA54E9C00829203 /* StringEx.swift in Sources */ = {isa = PBXBuildFile; fileRef = AAACF3011EA54E9C00829203 /* StringEx.swift */; };
/* End PBXBuildFile section */

/* Begin PBXContainerItemProxy section */
		AA1AE46A1E86B9E100674F8C /* PBXContainerItemProxy */ = {
			isa = PBXContainerItemProxy;
			containerPortal = AA1AE44A1E86B9E100674F8C /* Project object */;
			proxyType = 1;
			remoteGlobalIDString = AA1AE4511E86B9E100674F8C;
			remoteInfo = winner;
		};
		AA1AE4751E86B9E100674F8C /* PBXContainerItemProxy */ = {
			isa = PBXContainerItemProxy;
			containerPortal = AA1AE44A1E86B9E100674F8C /* Project object */;
			proxyType = 1;
			remoteGlobalIDString = AA1AE4511E86B9E100674F8C;
			remoteInfo = winner;
		};
/* End PBXContainerItemProxy section */

/* Begin PBXFileReference section */
		AA090E1A1ED73B100053C92D /* SelectCell.xib */ = {isa = PBXFileReference; fileEncoding = 4; lastKnownFileType = file.xib; path = SelectCell.xib; sourceTree = "<group>"; };
		AA090E1C1ED746CB0053C92D /* TitleCell.swift */ = {isa = PBXFileReference; fileEncoding = 4; lastKnownFileType = sourcecode.swift; path = TitleCell.swift; sourceTree = "<group>"; };
		AA090E1D1ED746CB0053C92D /* TitleCell.xib */ = {isa = PBXFileReference; fileEncoding = 4; lastKnownFileType = file.xib; path = TitleCell.xib; sourceTree = "<group>"; };
		AA1437011EC7023F00530CF4 /* AmountCell.swift */ = {isa = PBXFileReference; fileEncoding = 4; lastKnownFileType = sourcecode.swift; path = AmountCell.swift; sourceTree = "<group>"; };
		AA1437021EC7024000530CF4 /* AmountCell.xib */ = {isa = PBXFileReference; fileEncoding = 4; lastKnownFileType = file.xib; path = AmountCell.xib; sourceTree = "<group>"; };
		AA1AE4521E86B9E100674F8C /* winner.app */ = {isa = PBXFileReference; explicitFileType = wrapper.application; includeInIndex = 0; path = winner.app; sourceTree = BUILT_PRODUCTS_DIR; };
		AA1AE4551E86B9E100674F8C /* AppDelegate.swift */ = {isa = PBXFileReference; lastKnownFileType = sourcecode.swift; path = AppDelegate.swift; sourceTree = "<group>"; };
		AA1AE4571E86B9E100674F8C /* DashboardViewController.swift */ = {isa = PBXFileReference; lastKnownFileType = sourcecode.swift; path = DashboardViewController.swift; sourceTree = "<group>"; };
		AA1AE45A1E86B9E100674F8C /* Base */ = {isa = PBXFileReference; lastKnownFileType = file.storyboard; name = Base; path = Base.lproj/Main.storyboard; sourceTree = "<group>"; };
		AA1AE45D1E86B9E100674F8C /* winner.xcdatamodel */ = {isa = PBXFileReference; lastKnownFileType = wrapper.xcdatamodel; path = winner.xcdatamodel; sourceTree = "<group>"; };
		AA1AE45F1E86B9E100674F8C /* Assets.xcassets */ = {isa = PBXFileReference; lastKnownFileType = folder.assetcatalog; path = Assets.xcassets; sourceTree = "<group>"; };
		AA1AE4621E86B9E100674F8C /* Base */ = {isa = PBXFileReference; lastKnownFileType = file.storyboard; name = Base; path = Base.lproj/LaunchScreen.storyboard; sourceTree = "<group>"; };
		AA1AE4641E86B9E100674F8C /* Info.plist */ = {isa = PBXFileReference; lastKnownFileType = text.plist.xml; path = Info.plist; sourceTree = "<group>"; };
		AA1AE4691E86B9E100674F8C /* winnerTests.xctest */ = {isa = PBXFileReference; explicitFileType = wrapper.cfbundle; includeInIndex = 0; path = winnerTests.xctest; sourceTree = BUILT_PRODUCTS_DIR; };
		AA1AE46D1E86B9E100674F8C /* winnerTests.swift */ = {isa = PBXFileReference; lastKnownFileType = sourcecode.swift; path = winnerTests.swift; sourceTree = "<group>"; };
		AA1AE46F1E86B9E100674F8C /* Info.plist */ = {isa = PBXFileReference; lastKnownFileType = text.plist.xml; path = Info.plist; sourceTree = "<group>"; };
		AA1AE4741E86B9E100674F8C /* winnerUITests.xctest */ = {isa = PBXFileReference; explicitFileType = wrapper.cfbundle; includeInIndex = 0; path = winnerUITests.xctest; sourceTree = BUILT_PRODUCTS_DIR; };
		AA1AE4781E86B9E100674F8C /* winnerUITests.swift */ = {isa = PBXFileReference; lastKnownFileType = sourcecode.swift; path = winnerUITests.swift; sourceTree = "<group>"; };
		AA1AE47A1E86B9E100674F8C /* Info.plist */ = {isa = PBXFileReference; lastKnownFileType = text.plist.xml; path = Info.plist; sourceTree = "<group>"; };
		AA1AE48E1E86BB1500674F8C /* GoalViewController.swift */ = {isa = PBXFileReference; fileEncoding = 4; lastKnownFileType = sourcecode.swift; path = GoalViewController.swift; sourceTree = "<group>"; };
		AA1AE4911E86BB2700674F8C /* ActivityViewController.swift */ = {isa = PBXFileReference; fileEncoding = 4; lastKnownFileType = sourcecode.swift; path = ActivityViewController.swift; sourceTree = "<group>"; };
		AA1AE4931E86BB3A00674F8C /* SettingsViewController.swift */ = {isa = PBXFileReference; fileEncoding = 4; lastKnownFileType = sourcecode.swift; path = SettingsViewController.swift; sourceTree = "<group>"; };
		AA1AE4951E86BB4800674F8C /* FAQViewController.swift */ = {isa = PBXFileReference; fileEncoding = 4; lastKnownFileType = sourcecode.swift; path = FAQViewController.swift; sourceTree = "<group>"; };
		AA1AE4971E86BB6F00674F8C /* AddGoalViewController.swift */ = {isa = PBXFileReference; fileEncoding = 4; lastKnownFileType = sourcecode.swift; path = AddGoalViewController.swift; sourceTree = "<group>"; };
		AA1AE4991E86BB7A00674F8C /* AddActivityViewController.swift */ = {isa = PBXFileReference; fileEncoding = 4; lastKnownFileType = sourcecode.swift; path = AddActivityViewController.swift; sourceTree = "<group>"; };
		AA1AE49B1E86BC7300674F8C /* SelectCell.swift */ = {isa = PBXFileReference; fileEncoding = 4; lastKnownFileType = sourcecode.swift; path = SelectCell.swift; sourceTree = "<group>"; };
		AA1AE49F1E86BC8200674F8C /* SettingsCell.swift */ = {isa = PBXFileReference; fileEncoding = 4; lastKnownFileType = sourcecode.swift; path = SettingsCell.swift; sourceTree = "<group>"; };
		AA1AE4A01E86BC8200674F8C /* SettingsCell.xib */ = {isa = PBXFileReference; fileEncoding = 4; lastKnownFileType = file.xib; path = SettingsCell.xib; sourceTree = "<group>"; };
		AA1AE4A31E86BCA500674F8C /* WinnerButton.swift */ = {isa = PBXFileReference; fileEncoding = 4; lastKnownFileType = sourcecode.swift; path = WinnerButton.swift; sourceTree = "<group>"; };
		AA1AE4A51E86BD1F00674F8C /* WinnerColor.swift */ = {isa = PBXFileReference; fileEncoding = 4; lastKnownFileType = sourcecode.swift; path = WinnerColor.swift; sourceTree = "<group>"; };
		AA1AE4A71E86C7CB00674F8C /* Activity.storyboard */ = {isa = PBXFileReference; fileEncoding = 4; lastKnownFileType = file.storyboard; path = Activity.storyboard; sourceTree = "<group>"; };
		AA1AE4A91E86C7DE00674F8C /* Goal.storyboard */ = {isa = PBXFileReference; fileEncoding = 4; lastKnownFileType = file.storyboard; path = Goal.storyboard; sourceTree = "<group>"; };
		AA1AE4AC1E86C82100674F8C /* Settings.storyboard */ = {isa = PBXFileReference; fileEncoding = 4; lastKnownFileType = file.storyboard; path = Settings.storyboard; sourceTree = "<group>"; };
		AA1AE4AE1E88096500674F8C /* BebasNeueBold.otf */ = {isa = PBXFileReference; lastKnownFileType = file; path = BebasNeueBold.otf; sourceTree = "<group>"; };
		AA1AE4AF1E88096500674F8C /* BebasNeueBook.otf */ = {isa = PBXFileReference; lastKnownFileType = file; path = BebasNeueBook.otf; sourceTree = "<group>"; };
		AA1AE4B01E88096500674F8C /* BebasNeueLight.otf */ = {isa = PBXFileReference; lastKnownFileType = file; path = BebasNeueLight.otf; sourceTree = "<group>"; };
		AA1AE4B11E88096500674F8C /* BebasNeueRegular.otf */ = {isa = PBXFileReference; lastKnownFileType = file; path = BebasNeueRegular.otf; sourceTree = "<group>"; };
		AA1AE4B21E88096500674F8C /* BebasNeueThin.otf */ = {isa = PBXFileReference; lastKnownFileType = file; path = BebasNeueThin.otf; sourceTree = "<group>"; };
		AA1AE4B81E88164500674F8C /* GoalModel.swift */ = {isa = PBXFileReference; fileEncoding = 4; lastKnownFileType = sourcecode.swift; path = GoalModel.swift; sourceTree = "<group>"; };
		AA1AE4BA1E88165100674F8C /* ActivityModel.swift */ = {isa = PBXFileReference; fileEncoding = 4; lastKnownFileType = sourcecode.swift; path = ActivityModel.swift; sourceTree = "<group>"; };
		AA1AE4BC1E882F3300674F8C /* GoalDetailViewController.swift */ = {isa = PBXFileReference; fileEncoding = 4; lastKnownFileType = sourcecode.swift; path = GoalDetailViewController.swift; sourceTree = "<group>"; };
		AA29BB291EC24E8F00F41C09 /* UIStoryboard.swift */ = {isa = PBXFileReference; fileEncoding = 4; lastKnownFileType = sourcecode.swift; path = UIStoryboard.swift; sourceTree = "<group>"; };
		AA29BB301EC25FA800F41C09 /* Base */ = {isa = PBXFileReference; lastKnownFileType = text.plist.strings; name = Base; path = Base.lproj/Localizable.strings; sourceTree = "<group>"; };
		AAACF2F71EA5295F00829203 /* Goal+CoreDataClass.swift */ = {isa = PBXFileReference; fileEncoding = 4; lastKnownFileType = sourcecode.swift; name = "Goal+CoreDataClass.swift"; path = "../Goal+CoreDataClass.swift"; sourceTree = "<group>"; };
		AAACF2F81EA5295F00829203 /* Goal+CoreDataProperties.swift */ = {isa = PBXFileReference; fileEncoding = 4; lastKnownFileType = sourcecode.swift; name = "Goal+CoreDataProperties.swift"; path = "../Goal+CoreDataProperties.swift"; sourceTree = "<group>"; };
		AAACF2F91EA5295F00829203 /* Activity+CoreDataClass.swift */ = {isa = PBXFileReference; fileEncoding = 4; lastKnownFileType = sourcecode.swift; name = "Activity+CoreDataClass.swift"; path = "../Activity+CoreDataClass.swift"; sourceTree = "<group>"; };
		AAACF2FA1EA5295F00829203 /* Activity+CoreDataProperties.swift */ = {isa = PBXFileReference; fileEncoding = 4; lastKnownFileType = sourcecode.swift; name = "Activity+CoreDataProperties.swift"; path = "../Activity+CoreDataProperties.swift"; sourceTree = "<group>"; };
		AAACF3011EA54E9C00829203 /* StringEx.swift */ = {isa = PBXFileReference; fileEncoding = 4; lastKnownFileType = sourcecode.swift; path = StringEx.swift; sourceTree = "<group>"; };
/* End PBXFileReference section */

/* Begin PBXFrameworksBuildPhase section */
		AA1AE44F1E86B9E100674F8C /* Frameworks */ = {
			isa = PBXFrameworksBuildPhase;
			buildActionMask = 2147483647;
			files = (
			);
			runOnlyForDeploymentPostprocessing = 0;
		};
		AA1AE4661E86B9E100674F8C /* Frameworks */ = {
			isa = PBXFrameworksBuildPhase;
			buildActionMask = 2147483647;
			files = (
			);
			runOnlyForDeploymentPostprocessing = 0;
		};
		AA1AE4711E86B9E100674F8C /* Frameworks */ = {
			isa = PBXFrameworksBuildPhase;
			buildActionMask = 2147483647;
			files = (
			);
			runOnlyForDeploymentPostprocessing = 0;
		};
/* End PBXFrameworksBuildPhase section */

/* Begin PBXGroup section */
		AA1437001EC701F200530CF4 /* Cells */ = {
			isa = PBXGroup;
			children = (
				AA1AE49F1E86BC8200674F8C /* SettingsCell.swift */,
				AA1AE4A01E86BC8200674F8C /* SettingsCell.xib */,
				AA1AE49B1E86BC7300674F8C /* SelectCell.swift */,
				AA090E1A1ED73B100053C92D /* SelectCell.xib */,
				AA1437011EC7023F00530CF4 /* AmountCell.swift */,
				AA1437021EC7024000530CF4 /* AmountCell.xib */,
				AA090E1C1ED746CB0053C92D /* TitleCell.swift */,
				AA090E1D1ED746CB0053C92D /* TitleCell.xib */,
			);
			name = Cells;
			sourceTree = "<group>";
		};
		AA1AE4491E86B9E100674F8C = {
			isa = PBXGroup;
			children = (
				AA1AE4541E86B9E100674F8C /* winner */,
				AA1AE46C1E86B9E100674F8C /* winnerTests */,
				AA1AE4771E86B9E100674F8C /* winnerUITests */,
				AA1AE4531E86B9E100674F8C /* Products */,
			);
			sourceTree = "<group>";
		};
		AA1AE4531E86B9E100674F8C /* Products */ = {
			isa = PBXGroup;
			children = (
				AA1AE4521E86B9E100674F8C /* winner.app */,
				AA1AE4691E86B9E100674F8C /* winnerTests.xctest */,
				AA1AE4741E86B9E100674F8C /* winnerUITests.xctest */,
			);
			name = Products;
			sourceTree = "<group>";
		};
		AA1AE4541E86B9E100674F8C /* winner */ = {
			isa = PBXGroup;
			children = (
				AA1AE4881E86BA2300674F8C /* Model */,
				AA1AE4871E86BA1F00674F8C /* View */,
				AA1AE4861E86BA1A00674F8C /* Controller */,
				AA1AE48B1E86BA3F00674F8C /* Extensions */,
				AA1AE48A1E86BA3A00674F8C /* Utils */,
				AA1AE48D1E86BA5100674F8C /* Resources */,
				AA29BB311EC25FA800F41C09 /* Localizable.strings */,
			);
			path = winner;
			sourceTree = "<group>";
		};
		AA1AE46C1E86B9E100674F8C /* winnerTests */ = {
			isa = PBXGroup;
			children = (
				AA1AE46D1E86B9E100674F8C /* winnerTests.swift */,
				AA1AE46F1E86B9E100674F8C /* Info.plist */,
			);
			path = winnerTests;
			sourceTree = "<group>";
		};
		AA1AE4771E86B9E100674F8C /* winnerUITests */ = {
			isa = PBXGroup;
			children = (
				AA1AE4781E86B9E100674F8C /* winnerUITests.swift */,
				AA1AE47A1E86B9E100674F8C /* Info.plist */,
			);
			path = winnerUITests;
			sourceTree = "<group>";
		};
		AA1AE4861E86BA1A00674F8C /* Controller */ = {
			isa = PBXGroup;
			children = (
				AA1AE4571E86B9E100674F8C /* DashboardViewController.swift */,
				AA1AE48E1E86BB1500674F8C /* GoalViewController.swift */,
				AA1AE4911E86BB2700674F8C /* ActivityViewController.swift */,
				AA1AE4931E86BB3A00674F8C /* SettingsViewController.swift */,
				AA1AE4951E86BB4800674F8C /* FAQViewController.swift */,
				AA1AE4971E86BB6F00674F8C /* AddGoalViewController.swift */,
				AA1AE4991E86BB7A00674F8C /* AddActivityViewController.swift */,
				AA1AE4BC1E882F3300674F8C /* GoalDetailViewController.swift */,
			);
			name = Controller;
			sourceTree = "<group>";
		};
		AA1AE4871E86BA1F00674F8C /* View */ = {
			isa = PBXGroup;
			children = (
				AA1437001EC701F200530CF4 /* Cells */,
				AA1AE4AB1E86C7EC00674F8C /* Storyboard */,
				AA1AE4A31E86BCA500674F8C /* WinnerButton.swift */,
			);
			name = View;
			sourceTree = "<group>";
		};
		AA1AE4881E86BA2300674F8C /* Model */ = {
			isa = PBXGroup;
			children = (
				AAACF2F71EA5295F00829203 /* Goal+CoreDataClass.swift */,
				AAACF2F81EA5295F00829203 /* Goal+CoreDataProperties.swift */,
				AAACF2F91EA5295F00829203 /* Activity+CoreDataClass.swift */,
				AAACF2FA1EA5295F00829203 /* Activity+CoreDataProperties.swift */,
				AA1AE4551E86B9E100674F8C /* AppDelegate.swift */,
				AA1AE45C1E86B9E100674F8C /* winner.xcdatamodeld */,
				AA1AE4B81E88164500674F8C /* GoalModel.swift */,
				AA1AE4BA1E88165100674F8C /* ActivityModel.swift */,
			);
			name = Model;
			sourceTree = "<group>";
		};
		AA1AE48A1E86BA3A00674F8C /* Utils */ = {
			isa = PBXGroup;
			children = (
				AA1AE4A51E86BD1F00674F8C /* WinnerColor.swift */,
			);
			name = Utils;
			sourceTree = "<group>";
		};
		AA1AE48B1E86BA3F00674F8C /* Extensions */ = {
			isa = PBXGroup;
			children = (
				AAACF3011EA54E9C00829203 /* StringEx.swift */,
				AA29BB291EC24E8F00F41C09 /* UIStoryboard.swift */,
			);
			name = Extensions;
			sourceTree = "<group>";
		};
		AA1AE48D1E86BA5100674F8C /* Resources */ = {
			isa = PBXGroup;
			children = (
				AA1AE4AE1E88096500674F8C /* BebasNeueBold.otf */,
				AA1AE4AF1E88096500674F8C /* BebasNeueBook.otf */,
				AA1AE4B01E88096500674F8C /* BebasNeueLight.otf */,
				AA1AE4B11E88096500674F8C /* BebasNeueRegular.otf */,
				AA1AE4B21E88096500674F8C /* BebasNeueThin.otf */,
				AA1AE4641E86B9E100674F8C /* Info.plist */,
				AA1AE45F1E86B9E100674F8C /* Assets.xcassets */,
			);
			name = Resources;
			sourceTree = "<group>";
		};
		AA1AE4AB1E86C7EC00674F8C /* Storyboard */ = {
			isa = PBXGroup;
			children = (
				AA1AE4A71E86C7CB00674F8C /* Activity.storyboard */,
				AA1AE4A91E86C7DE00674F8C /* Goal.storyboard */,
				AA1AE4611E86B9E100674F8C /* LaunchScreen.storyboard */,
				AA1AE4591E86B9E100674F8C /* Main.storyboard */,
				AA1AE4AC1E86C82100674F8C /* Settings.storyboard */,
			);
			name = Storyboard;
			sourceTree = "<group>";
		};
/* End PBXGroup section */

/* Begin PBXNativeTarget section */
		AA1AE4511E86B9E100674F8C /* winner */ = {
			isa = PBXNativeTarget;
			buildConfigurationList = AA1AE47D1E86B9E100674F8C /* Build configuration list for PBXNativeTarget "winner" */;
			buildPhases = (
				AA1AE44E1E86B9E100674F8C /* Sources */,
				AA1AE44F1E86B9E100674F8C /* Frameworks */,
				AA1AE4501E86B9E100674F8C /* Resources */,
			);
			buildRules = (
			);
			dependencies = (
			);
			name = winner;
			productName = winner;
			productReference = AA1AE4521E86B9E100674F8C /* winner.app */;
			productType = "com.apple.product-type.application";
		};
		AA1AE4681E86B9E100674F8C /* winnerTests */ = {
			isa = PBXNativeTarget;
			buildConfigurationList = AA1AE4801E86B9E100674F8C /* Build configuration list for PBXNativeTarget "winnerTests" */;
			buildPhases = (
				AA1AE4651E86B9E100674F8C /* Sources */,
				AA1AE4661E86B9E100674F8C /* Frameworks */,
				AA1AE4671E86B9E100674F8C /* Resources */,
			);
			buildRules = (
			);
			dependencies = (
				AA1AE46B1E86B9E100674F8C /* PBXTargetDependency */,
			);
			name = winnerTests;
			productName = winnerTests;
			productReference = AA1AE4691E86B9E100674F8C /* winnerTests.xctest */;
			productType = "com.apple.product-type.bundle.unit-test";
		};
		AA1AE4731E86B9E100674F8C /* winnerUITests */ = {
			isa = PBXNativeTarget;
			buildConfigurationList = AA1AE4831E86B9E100674F8C /* Build configuration list for PBXNativeTarget "winnerUITests" */;
			buildPhases = (
				AA1AE4701E86B9E100674F8C /* Sources */,
				AA1AE4711E86B9E100674F8C /* Frameworks */,
				AA1AE4721E86B9E100674F8C /* Resources */,
			);
			buildRules = (
			);
			dependencies = (
				AA1AE4761E86B9E100674F8C /* PBXTargetDependency */,
			);
			name = winnerUITests;
			productName = winnerUITests;
			productReference = AA1AE4741E86B9E100674F8C /* winnerUITests.xctest */;
			productType = "com.apple.product-type.bundle.ui-testing";
		};
/* End PBXNativeTarget section */

/* Begin PBXProject section */
		AA1AE44A1E86B9E100674F8C /* Project object */ = {
			isa = PBXProject;
			attributes = {
				LastSwiftUpdateCheck = 0820;
				LastUpgradeCheck = 0820;
				ORGANIZATIONNAME = "Dide van Berkel";
				TargetAttributes = {
					AA1AE4511E86B9E100674F8C = {
						CreatedOnToolsVersion = 8.2.1;
						DevelopmentTeam = 6M7C6U48HK;
						ProvisioningStyle = Automatic;
					};
					AA1AE4681E86B9E100674F8C = {
						CreatedOnToolsVersion = 8.2.1;
						DevelopmentTeam = QSZ6LEVPJN;
						ProvisioningStyle = Automatic;
						TestTargetID = AA1AE4511E86B9E100674F8C;
					};
					AA1AE4731E86B9E100674F8C = {
						CreatedOnToolsVersion = 8.2.1;
						DevelopmentTeam = QSZ6LEVPJN;
						ProvisioningStyle = Automatic;
						TestTargetID = AA1AE4511E86B9E100674F8C;
					};
				};
			};
			buildConfigurationList = AA1AE44D1E86B9E100674F8C /* Build configuration list for PBXProject "winner" */;
			compatibilityVersion = "Xcode 3.2";
			developmentRegion = English;
			hasScannedForEncodings = 0;
			knownRegions = (
				Base,
			);
			mainGroup = AA1AE4491E86B9E100674F8C;
			productRefGroup = AA1AE4531E86B9E100674F8C /* Products */;
			projectDirPath = "";
			projectRoot = "";
			targets = (
				AA1AE4511E86B9E100674F8C /* winner */,
				AA1AE4681E86B9E100674F8C /* winnerTests */,
				AA1AE4731E86B9E100674F8C /* winnerUITests */,
			);
		};
/* End PBXProject section */

/* Begin PBXResourcesBuildPhase section */
		AA1AE4501E86B9E100674F8C /* Resources */ = {
			isa = PBXResourcesBuildPhase;
			buildActionMask = 2147483647;
			files = (
				AA090E1F1ED746CB0053C92D /* TitleCell.xib in Resources */,
				AA1AE4B41E88096500674F8C /* BebasNeueBook.otf in Resources */,
				AA1AE4631E86B9E100674F8C /* LaunchScreen.storyboard in Resources */,
				AA1AE4A81E86C7CB00674F8C /* Activity.storyboard in Resources */,
				AA1AE4601E86B9E100674F8C /* Assets.xcassets in Resources */,
				AA1AE4AD1E86C82100674F8C /* Settings.storyboard in Resources */,
				AA1AE4AA1E86C7DE00674F8C /* Goal.storyboard in Resources */,
				AA1AE45B1E86B9E100674F8C /* Main.storyboard in Resources */,
				AA090E1B1ED73B100053C92D /* SelectCell.xib in Resources */,
				AA1437041EC7024000530CF4 /* AmountCell.xib in Resources */,
				AA1AE4B61E88096500674F8C /* BebasNeueRegular.otf in Resources */,
				AA1AE4B31E88096500674F8C /* BebasNeueBold.otf in Resources */,
				AA1AE4B51E88096500674F8C /* BebasNeueLight.otf in Resources */,
				AA29BB2F1EC25FA800F41C09 /* Localizable.strings in Resources */,
				AA1AE4B71E88096500674F8C /* BebasNeueThin.otf in Resources */,
				AA1AE4A21E86BC8200674F8C /* SettingsCell.xib in Resources */,
			);
			runOnlyForDeploymentPostprocessing = 0;
		};
		AA1AE4671E86B9E100674F8C /* Resources */ = {
			isa = PBXResourcesBuildPhase;
			buildActionMask = 2147483647;
			files = (
			);
			runOnlyForDeploymentPostprocessing = 0;
		};
		AA1AE4721E86B9E100674F8C /* Resources */ = {
			isa = PBXResourcesBuildPhase;
			buildActionMask = 2147483647;
			files = (
			);
			runOnlyForDeploymentPostprocessing = 0;
		};
/* End PBXResourcesBuildPhase section */

/* Begin PBXSourcesBuildPhase section */
		AA1AE44E1E86B9E100674F8C /* Sources */ = {
			isa = PBXSourcesBuildPhase;
			buildActionMask = 2147483647;
			files = (
				AA29BB2A1EC24E8F00F41C09 /* UIStoryboard.swift in Sources */,
				AA1AE4B91E88164500674F8C /* GoalModel.swift in Sources */,
				AA1AE45E1E86B9E100674F8C /* winner.xcdatamodeld in Sources */,
				AA1AE4981E86BB6F00674F8C /* AddGoalViewController.swift in Sources */,
				AAACF3021EA54E9C00829203 /* StringEx.swift in Sources */,
				AA1AE48F1E86BB1500674F8C /* GoalViewController.swift in Sources */,
				AAACF2FB1EA5295F00829203 /* Goal+CoreDataClass.swift in Sources */,
				AA1AE49A1E86BB7A00674F8C /* AddActivityViewController.swift in Sources */,
				AA1AE4BB1E88165100674F8C /* ActivityModel.swift in Sources */,
				AA1AE4A41E86BCA500674F8C /* WinnerButton.swift in Sources */,
				AA1AE4581E86B9E100674F8C /* DashboardViewController.swift in Sources */,
				AA1AE4921E86BB2700674F8C /* ActivityViewController.swift in Sources */,
				AA090E1E1ED746CB0053C92D /* TitleCell.swift in Sources */,
				AA1AE49D1E86BC7300674F8C /* SelectCell.swift in Sources */,
				AA1AE4A61E86BD1F00674F8C /* WinnerColor.swift in Sources */,
				AAACF2FE1EA5295F00829203 /* Activity+CoreDataProperties.swift in Sources */,
				AA1AE4961E86BB4800674F8C /* FAQViewController.swift in Sources */,
				AA1AE4561E86B9E100674F8C /* AppDelegate.swift in Sources */,
				AAACF2FC1EA5295F00829203 /* Goal+CoreDataProperties.swift in Sources */,
				AA1437031EC7024000530CF4 /* AmountCell.swift in Sources */,
				AA1AE4941E86BB3A00674F8C /* SettingsViewController.swift in Sources */,
				AA1AE4BD1E882F3300674F8C /* GoalDetailViewController.swift in Sources */,
				AA1AE4A11E86BC8200674F8C /* SettingsCell.swift in Sources */,
				AAACF2FD1EA5295F00829203 /* Activity+CoreDataClass.swift in Sources */,
			);
			runOnlyForDeploymentPostprocessing = 0;
		};
		AA1AE4651E86B9E100674F8C /* Sources */ = {
			isa = PBXSourcesBuildPhase;
			buildActionMask = 2147483647;
			files = (
				AA1AE46E1E86B9E100674F8C /* winnerTests.swift in Sources */,
			);
			runOnlyForDeploymentPostprocessing = 0;
		};
		AA1AE4701E86B9E100674F8C /* Sources */ = {
			isa = PBXSourcesBuildPhase;
			buildActionMask = 2147483647;
			files = (
				AA1AE4791E86B9E100674F8C /* winnerUITests.swift in Sources */,
			);
			runOnlyForDeploymentPostprocessing = 0;
		};
/* End PBXSourcesBuildPhase section */

/* Begin PBXTargetDependency section */
		AA1AE46B1E86B9E100674F8C /* PBXTargetDependency */ = {
			isa = PBXTargetDependency;
			target = AA1AE4511E86B9E100674F8C /* winner */;
			targetProxy = AA1AE46A1E86B9E100674F8C /* PBXContainerItemProxy */;
		};
		AA1AE4761E86B9E100674F8C /* PBXTargetDependency */ = {
			isa = PBXTargetDependency;
			target = AA1AE4511E86B9E100674F8C /* winner */;
			targetProxy = AA1AE4751E86B9E100674F8C /* PBXContainerItemProxy */;
		};
/* End PBXTargetDependency section */

/* Begin PBXVariantGroup section */
		AA1AE4591E86B9E100674F8C /* Main.storyboard */ = {
			isa = PBXVariantGroup;
			children = (
				AA1AE45A1E86B9E100674F8C /* Base */,
			);
			name = Main.storyboard;
			sourceTree = "<group>";
		};
		AA1AE4611E86B9E100674F8C /* LaunchScreen.storyboard */ = {
			isa = PBXVariantGroup;
			children = (
				AA1AE4621E86B9E100674F8C /* Base */,
			);
			name = LaunchScreen.storyboard;
			sourceTree = "<group>";
		};
		AA29BB311EC25FA800F41C09 /* Localizable.strings */ = {
			isa = PBXVariantGroup;
			children = (
				AA29BB301EC25FA800F41C09 /* Base */,
			);
			name = Localizable.strings;
			sourceTree = "<group>";
		};
/* End PBXVariantGroup section */

/* Begin XCBuildConfiguration section */
		AA1AE47B1E86B9E100674F8C /* Debug */ = {
			isa = XCBuildConfiguration;
			buildSettings = {
				ALWAYS_SEARCH_USER_PATHS = NO;
				CLANG_ANALYZER_NONNULL = YES;
				CLANG_CXX_LANGUAGE_STANDARD = "gnu++0x";
				CLANG_CXX_LIBRARY = "libc++";
				CLANG_ENABLE_MODULES = YES;
				CLANG_ENABLE_OBJC_ARC = YES;
				CLANG_WARN_BOOL_CONVERSION = YES;
				CLANG_WARN_CONSTANT_CONVERSION = YES;
				CLANG_WARN_DIRECT_OBJC_ISA_USAGE = YES_ERROR;
				CLANG_WARN_DOCUMENTATION_COMMENTS = YES;
				CLANG_WARN_EMPTY_BODY = YES;
				CLANG_WARN_ENUM_CONVERSION = YES;
				CLANG_WARN_INFINITE_RECURSION = YES;
				CLANG_WARN_INT_CONVERSION = YES;
				CLANG_WARN_OBJC_ROOT_CLASS = YES_ERROR;
				CLANG_WARN_SUSPICIOUS_MOVE = YES;
				CLANG_WARN_UNREACHABLE_CODE = YES;
				CLANG_WARN__DUPLICATE_METHOD_MATCH = YES;
				"CODE_SIGN_IDENTITY[sdk=iphoneos*]" = "iPhone Developer";
				COPY_PHASE_STRIP = NO;
				DEBUG_INFORMATION_FORMAT = dwarf;
				ENABLE_STRICT_OBJC_MSGSEND = YES;
				ENABLE_TESTABILITY = YES;
				GCC_C_LANGUAGE_STANDARD = gnu99;
				GCC_DYNAMIC_NO_PIC = NO;
				GCC_NO_COMMON_BLOCKS = YES;
				GCC_OPTIMIZATION_LEVEL = 0;
				GCC_PREPROCESSOR_DEFINITIONS = (
					"DEBUG=1",
					"$(inherited)",
				);
				GCC_WARN_64_TO_32_BIT_CONVERSION = YES;
				GCC_WARN_ABOUT_RETURN_TYPE = YES_ERROR;
				GCC_WARN_UNDECLARED_SELECTOR = YES;
				GCC_WARN_UNINITIALIZED_AUTOS = YES_AGGRESSIVE;
				GCC_WARN_UNUSED_FUNCTION = YES;
				GCC_WARN_UNUSED_VARIABLE = YES;
				IPHONEOS_DEPLOYMENT_TARGET = 10.2;
				MTL_ENABLE_DEBUG_INFO = YES;
				ONLY_ACTIVE_ARCH = YES;
				SDKROOT = iphoneos;
				SWIFT_ACTIVE_COMPILATION_CONDITIONS = DEBUG;
				SWIFT_OPTIMIZATION_LEVEL = "-Onone";
				TARGETED_DEVICE_FAMILY = "1,2";
			};
			name = Debug;
		};
		AA1AE47C1E86B9E100674F8C /* Release */ = {
			isa = XCBuildConfiguration;
			buildSettings = {
				ALWAYS_SEARCH_USER_PATHS = NO;
				CLANG_ANALYZER_NONNULL = YES;
				CLANG_CXX_LANGUAGE_STANDARD = "gnu++0x";
				CLANG_CXX_LIBRARY = "libc++";
				CLANG_ENABLE_MODULES = YES;
				CLANG_ENABLE_OBJC_ARC = YES;
				CLANG_WARN_BOOL_CONVERSION = YES;
				CLANG_WARN_CONSTANT_CONVERSION = YES;
				CLANG_WARN_DIRECT_OBJC_ISA_USAGE = YES_ERROR;
				CLANG_WARN_DOCUMENTATION_COMMENTS = YES;
				CLANG_WARN_EMPTY_BODY = YES;
				CLANG_WARN_ENUM_CONVERSION = YES;
				CLANG_WARN_INFINITE_RECURSION = YES;
				CLANG_WARN_INT_CONVERSION = YES;
				CLANG_WARN_OBJC_ROOT_CLASS = YES_ERROR;
				CLANG_WARN_SUSPICIOUS_MOVE = YES;
				CLANG_WARN_UNREACHABLE_CODE = YES;
				CLANG_WARN__DUPLICATE_METHOD_MATCH = YES;
				"CODE_SIGN_IDENTITY[sdk=iphoneos*]" = "iPhone Developer";
				COPY_PHASE_STRIP = NO;
				DEBUG_INFORMATION_FORMAT = "dwarf-with-dsym";
				ENABLE_NS_ASSERTIONS = NO;
				ENABLE_STRICT_OBJC_MSGSEND = YES;
				GCC_C_LANGUAGE_STANDARD = gnu99;
				GCC_NO_COMMON_BLOCKS = YES;
				GCC_WARN_64_TO_32_BIT_CONVERSION = YES;
				GCC_WARN_ABOUT_RETURN_TYPE = YES_ERROR;
				GCC_WARN_UNDECLARED_SELECTOR = YES;
				GCC_WARN_UNINITIALIZED_AUTOS = YES_AGGRESSIVE;
				GCC_WARN_UNUSED_FUNCTION = YES;
				GCC_WARN_UNUSED_VARIABLE = YES;
				IPHONEOS_DEPLOYMENT_TARGET = 10.2;
				MTL_ENABLE_DEBUG_INFO = NO;
				SDKROOT = iphoneos;
				SWIFT_OPTIMIZATION_LEVEL = "-Owholemodule";
				TARGETED_DEVICE_FAMILY = "1,2";
				VALIDATE_PRODUCT = YES;
			};
			name = Release;
		};
		AA1AE47E1E86B9E100674F8C /* Debug */ = {
			isa = XCBuildConfiguration;
			buildSettings = {
				ASSETCATALOG_COMPILER_APPICON_NAME = AppIcon;
				DEVELOPMENT_TEAM = 6M7C6U48HK;
				INFOPLIST_FILE = winner/Info.plist;
				LD_RUNPATH_SEARCH_PATHS = "$(inherited) @executable_path/Frameworks";
				PRODUCT_BUNDLE_IDENTIFIER = didevanberkel.winner;
				PRODUCT_NAME = "$(TARGET_NAME)";
				SWIFT_VERSION = 3.0;
			};
			name = Debug;
		};
		AA1AE47F1E86B9E100674F8C /* Release */ = {
			isa = XCBuildConfiguration;
			buildSettings = {
				ASSETCATALOG_COMPILER_APPICON_NAME = AppIcon;
				DEVELOPMENT_TEAM = 6M7C6U48HK;
				INFOPLIST_FILE = winner/Info.plist;
				LD_RUNPATH_SEARCH_PATHS = "$(inherited) @executable_path/Frameworks";
				PRODUCT_BUNDLE_IDENTIFIER = didevanberkel.winner;
				PRODUCT_NAME = "$(TARGET_NAME)";
				SWIFT_VERSION = 3.0;
			};
			name = Release;
		};
		AA1AE4811E86B9E100674F8C /* Debug */ = {
			isa = XCBuildConfiguration;
			buildSettings = {
				ALWAYS_EMBED_SWIFT_STANDARD_LIBRARIES = YES;
				BUNDLE_LOADER = "$(TEST_HOST)";
				DEVELOPMENT_TEAM = QSZ6LEVPJN;
				INFOPLIST_FILE = winnerTests/Info.plist;
				LD_RUNPATH_SEARCH_PATHS = "$(inherited) @executable_path/Frameworks @loader_path/Frameworks";
				PRODUCT_BUNDLE_IDENTIFIER = didevanberkel.winnerTests;
				PRODUCT_NAME = "$(TARGET_NAME)";
				SWIFT_VERSION = 3.0;
				TEST_HOST = "$(BUILT_PRODUCTS_DIR)/winner.app/winner";
			};
			name = Debug;
		};
		AA1AE4821E86B9E100674F8C /* Release */ = {
			isa = XCBuildConfiguration;
			buildSettings = {
				ALWAYS_EMBED_SWIFT_STANDARD_LIBRARIES = YES;
				BUNDLE_LOADER = "$(TEST_HOST)";
				DEVELOPMENT_TEAM = QSZ6LEVPJN;
				INFOPLIST_FILE = winnerTests/Info.plist;
				LD_RUNPATH_SEARCH_PATHS = "$(inherited) @executable_path/Frameworks @loader_path/Frameworks";
				PRODUCT_BUNDLE_IDENTIFIER = didevanberkel.winnerTests;
				PRODUCT_NAME = "$(TARGET_NAME)";
				SWIFT_VERSION = 3.0;
				TEST_HOST = "$(BUILT_PRODUCTS_DIR)/winner.app/winner";
			};
			name = Release;
		};
		AA1AE4841E86B9E100674F8C /* Debug */ = {
			isa = XCBuildConfiguration;
			buildSettings = {
				ALWAYS_EMBED_SWIFT_STANDARD_LIBRARIES = YES;
				DEVELOPMENT_TEAM = QSZ6LEVPJN;
				INFOPLIST_FILE = winnerUITests/Info.plist;
				LD_RUNPATH_SEARCH_PATHS = "$(inherited) @executable_path/Frameworks @loader_path/Frameworks";
				PRODUCT_BUNDLE_IDENTIFIER = didevanberkel.winnerUITests;
				PRODUCT_NAME = "$(TARGET_NAME)";
				SWIFT_VERSION = 3.0;
				TEST_TARGET_NAME = winner;
			};
			name = Debug;
		};
		AA1AE4851E86B9E100674F8C /* Release */ = {
			isa = XCBuildConfiguration;
			buildSettings = {
				ALWAYS_EMBED_SWIFT_STANDARD_LIBRARIES = YES;
				DEVELOPMENT_TEAM = QSZ6LEVPJN;
				INFOPLIST_FILE = winnerUITests/Info.plist;
				LD_RUNPATH_SEARCH_PATHS = "$(inherited) @executable_path/Frameworks @loader_path/Frameworks";
				PRODUCT_BUNDLE_IDENTIFIER = didevanberkel.winnerUITests;
				PRODUCT_NAME = "$(TARGET_NAME)";
				SWIFT_VERSION = 3.0;
				TEST_TARGET_NAME = winner;
			};
			name = Release;
		};
/* End XCBuildConfiguration section */

/* Begin XCConfigurationList section */
		AA1AE44D1E86B9E100674F8C /* Build configuration list for PBXProject "winner" */ = {
			isa = XCConfigurationList;
			buildConfigurations = (
				AA1AE47B1E86B9E100674F8C /* Debug */,
				AA1AE47C1E86B9E100674F8C /* Release */,
			);
			defaultConfigurationIsVisible = 0;
			defaultConfigurationName = Release;
		};
		AA1AE47D1E86B9E100674F8C /* Build configuration list for PBXNativeTarget "winner" */ = {
			isa = XCConfigurationList;
			buildConfigurations = (
				AA1AE47E1E86B9E100674F8C /* Debug */,
				AA1AE47F1E86B9E100674F8C /* Release */,
			);
			defaultConfigurationIsVisible = 0;
			defaultConfigurationName = Release;
		};
		AA1AE4801E86B9E100674F8C /* Build configuration list for PBXNativeTarget "winnerTests" */ = {
			isa = XCConfigurationList;
			buildConfigurations = (
				AA1AE4811E86B9E100674F8C /* Debug */,
				AA1AE4821E86B9E100674F8C /* Release */,
			);
			defaultConfigurationIsVisible = 0;
			defaultConfigurationName = Release;
		};
		AA1AE4831E86B9E100674F8C /* Build configuration list for PBXNativeTarget "winnerUITests" */ = {
			isa = XCConfigurationList;
			buildConfigurations = (
				AA1AE4841E86B9E100674F8C /* Debug */,
				AA1AE4851E86B9E100674F8C /* Release */,
			);
			defaultConfigurationIsVisible = 0;
			defaultConfigurationName = Release;
		};
/* End XCConfigurationList section */

/* Begin XCVersionGroup section */
		AA1AE45C1E86B9E100674F8C /* winner.xcdatamodeld */ = {
			isa = XCVersionGroup;
			children = (
				AA1AE45D1E86B9E100674F8C /* winner.xcdatamodel */,
			);
			currentVersion = AA1AE45D1E86B9E100674F8C /* winner.xcdatamodel */;
			path = winner.xcdatamodeld;
			sourceTree = "<group>";
			versionGroupType = wrapper.xcdatamodel;
		};
/* End XCVersionGroup section */
	};
	rootObject = AA1AE44A1E86B9E100674F8C /* Project object */;
}
